
Microsoft Visual Studio Solution File, Format Version 12.00
# Visual Studio Version 17
VisualStudioVersion = 17.4.33205.214
MinimumVisualStudioVersion = 10.0.40219.1
Project("{FAE04EC0-301F-11D3-BF4B-00C04F79EFBC}") = "ListaDeExercicios17", "ListaDeExercicios17\ListaDeExercicios17.csproj", "{5EDBA488-14FF-47A5-A1BA-861047A32FCE}"
EndProject
Global
	GlobalSection(SolutionConfigurationPlatforms) = preSolution
		Debug|Any CPU = Debug|Any CPU
		Release|Any CPU = Release|Any CPU
	EndGlobalSection
	GlobalSection(ProjectConfigurationPlatforms) = postSolution
		{5EDBA488-14FF-47A5-A1BA-861047A32FCE}.Debug|Any CPU.ActiveCfg = Debug|Any CPU
		{5EDBA488-14FF-47A5-A1BA-861047A32FCE}.Debug|Any CPU.Build.0 = Debug|Any CPU
		{5EDBA488-14FF-47A5-A1BA-861047A32FCE}.Release|Any CPU.ActiveCfg = Release|Any CPU
		{5EDBA488-14FF-47A5-A1BA-861047A32FCE}.Release|Any CPU.Build.0 = Release|Any CPU
	EndGlobalSection
	GlobalSection(SolutionProperties) = preSolution
		HideSolutionNode = FALSE
	EndGlobalSection
	GlobalSection(ExtensibilityGlobals) = postSolution
		SolutionGuid = {3EAE9552-CBF6-4E2D-855B-34B1973F19E5}
	EndGlobalSection
EndGlobal
